
Microsoft Visual Studio Solution File, Format Version 12.00
# Visual Studio Version 17
VisualStudioVersion = 17.14.36623.8 d17.14
MinimumVisualStudioVersion = 10.0.40219.1
Project("{FAE04EC0-301F-11D3-BF4B-00C04F79EFBC}") = "TypeConversions", "TypeConversions\TypeConversions.csproj", "{397FC7A0-7AAF-4483-A72C-902948EE5E8E}"
EndProject
Global
	GlobalSection(SolutionConfigurationPlatforms) = preSolution
		Debug|Any CPU = Debug|Any CPU
		Release|Any CPU = Release|Any CPU
	EndGlobalSection
	GlobalSection(ProjectConfigurationPlatforms) = postSolution
		{397FC7A0-7AAF-4483-A72C-902948EE5E8E}.Debug|Any CPU.ActiveCfg = Debug|Any CPU
		{397FC7A0-7AAF-4483-A72C-902948EE5E8E}.Debug|Any CPU.Build.0 = Debug|Any CPU
		{397FC7A0-7AAF-4483-A72C-902948EE5E8E}.Release|Any CPU.ActiveCfg = Release|Any CPU
		{397FC7A0-7AAF-4483-A72C-902948EE5E8E}.Release|Any CPU.Build.0 = Release|Any CPU
	EndGlobalSection
	GlobalSection(SolutionProperties) = preSolution
		HideSolutionNode = FALSE
	EndGlobalSection
	GlobalSection(ExtensibilityGlobals) = postSolution
		SolutionGuid = {6A337452-AA82-4826-9BED-D3A7D2FCDF0C}
	EndGlobalSection
EndGlobal
